
Microsoft Visual Studio Solution File, Format Version 12.00
# Visual Studio Version 17
VisualStudioVersion = 17.7.34024.191
MinimumVisualStudioVersion = 10.0.40219.1
Project("{FAE04EC0-301F-11D3-BF4B-00C04F79EFBC}") = "XamarinApp.iOS", "XamarinApp\XamarinApp.iOS\XamarinApp.iOS.csproj", "{E0E9D52E-E0A5-49DA-AF86-211CC499796D}"
EndProject
Project("{9A19103F-16F7-4668-BE54-9A1E7A4F7556}") = "LocalServer", "LocalServer\LocalServer.csproj", "{D0FAE3C1-C847-4DDD-B96D-0E807FDF2C99}"
EndProject
Project("{9A19103F-16F7-4668-BE54-9A1E7A4F7556}") = "XamarinApp", "XamarinApp\XamarinApp\XamarinApp.csproj", "{8CF5FF2C-CB53-434B-B383-CB693FC13A9C}"
EndProject
Project("{9A19103F-16F7-4668-BE54-9A1E7A4F7556}") = "LocalServer.Runner", "LocalServer.Runner\LocalServer.Runner.csproj", "{E72414E8-22B0-4903-B3B0-843069DBF5CD}"
EndProject
Project("{9A19103F-16F7-4668-BE54-9A1E7A4F7556}") = "EmbedIO", "EmbedIO\EmbedIO.csproj", "{CE610F2C-EB42-4E90-9283-4040FD35111D}"
EndProject
Global
	GlobalSection(SolutionConfigurationPlatforms) = preSolution
		Ad-Hoc|Any CPU = Ad-Hoc|Any CPU
		Ad-Hoc|iPhone = Ad-Hoc|iPhone
		Ad-Hoc|iPhoneSimulator = Ad-Hoc|iPhoneSimulator
		AppStore|Any CPU = AppStore|Any CPU
		AppStore|iPhone = AppStore|iPhone
		AppStore|iPhoneSimulator = AppStore|iPhoneSimulator
		Debug|Any CPU = Debug|Any CPU
		Debug|iPhone = Debug|iPhone
		Debug|iPhoneSimulator = Debug|iPhoneSimulator
		Release|Any CPU = Release|Any CPU
		Release|iPhone = Release|iPhone
		Release|iPhoneSimulator = Release|iPhoneSimulator
	EndGlobalSection
	GlobalSection(ProjectConfigurationPlatforms) = postSolution
		{E0E9D52E-E0A5-49DA-AF86-211CC499796D}.Ad-Hoc|Any CPU.ActiveCfg = Ad-Hoc|iPhoneSimulator
		{E0E9D52E-E0A5-49DA-AF86-211CC499796D}.Ad-Hoc|iPhone.ActiveCfg = Ad-Hoc|iPhone
		{E0E9D52E-E0A5-49DA-AF86-211CC499796D}.Ad-Hoc|iPhone.Build.0 = Ad-Hoc|iPhone
		{E0E9D52E-E0A5-49DA-AF86-211CC499796D}.Ad-Hoc|iPhone.Deploy.0 = Ad-Hoc|iPhone
		{E0E9D52E-E0A5-49DA-AF86-211CC499796D}.Ad-Hoc|iPhoneSimulator.ActiveCfg = Ad-Hoc|iPhoneSimulator
		{E0E9D52E-E0A5-49DA-AF86-211CC499796D}.Ad-Hoc|iPhoneSimulator.Build.0 = Ad-Hoc|iPhoneSimulator
		{E0E9D52E-E0A5-49DA-AF86-211CC499796D}.Ad-Hoc|iPhoneSimulator.Deploy.0 = Ad-Hoc|iPhoneSimulator
		{E0E9D52E-E0A5-49DA-AF86-211CC499796D}.AppStore|Any CPU.ActiveCfg = AppStore|iPhoneSimulator
		{E0E9D52E-E0A5-49DA-AF86-211CC499796D}.AppStore|iPhone.ActiveCfg = AppStore|iPhone
		{E0E9D52E-E0A5-49DA-AF86-211CC499796D}.AppStore|iPhone.Build.0 = AppStore|iPhone
		{E0E9D52E-E0A5-49DA-AF86-211CC499796D}.AppStore|iPhone.Deploy.0 = AppStore|iPhone
		{E0E9D52E-E0A5-49DA-AF86-211CC499796D}.AppStore|iPhoneSimulator.ActiveCfg = AppStore|iPhoneSimulator
		{E0E9D52E-E0A5-49DA-AF86-211CC499796D}.AppStore|iPhoneSimulator.Build.0 = AppStore|iPhoneSimulator
		{E0E9D52E-E0A5-49DA-AF86-211CC499796D}.AppStore|iPhoneSimulator.Deploy.0 = AppStore|iPhoneSimulator
		{E0E9D52E-E0A5-49DA-AF86-211CC499796D}.Debug|Any CPU.ActiveCfg = Debug|iPhoneSimulator
		{E0E9D52E-E0A5-49DA-AF86-211CC499796D}.Debug|iPhone.ActiveCfg = Debug|iPhone
		{E0E9D52E-E0A5-49DA-AF86-211CC499796D}.Debug|iPhone.Build.0 = Debug|iPhone
		{E0E9D52E-E0A5-49DA-AF86-211CC499796D}.Debug|iPhone.Deploy.0 = Debug|iPhone
		{E0E9D52E-E0A5-49DA-AF86-211CC499796D}.Debug|iPhoneSimulator.ActiveCfg = Debug|iPhoneSimulator
		{E0E9D52E-E0A5-49DA-AF86-211CC499796D}.Debug|iPhoneSimulator.Build.0 = Debug|iPhoneSimulator
		{E0E9D52E-E0A5-49DA-AF86-211CC499796D}.Debug|iPhoneSimulator.Deploy.0 = Debug|iPhoneSimulator
		{E0E9D52E-E0A5-49DA-AF86-211CC499796D}.Release|Any CPU.ActiveCfg = Release|iPhoneSimulator
		{E0E9D52E-E0A5-49DA-AF86-211CC499796D}.Release|iPhone.ActiveCfg = Release|iPhone
		{E0E9D52E-E0A5-49DA-AF86-211CC499796D}.Release|iPhone.Build.0 = Release|iPhone
		{E0E9D52E-E0A5-49DA-AF86-211CC499796D}.Release|iPhone.Deploy.0 = Release|iPhone
		{E0E9D52E-E0A5-49DA-AF86-211CC499796D}.Release|iPhoneSimulator.ActiveCfg = Release|iPhoneSimulator
		{E0E9D52E-E0A5-49DA-AF86-211CC499796D}.Release|iPhoneSimulator.Build.0 = Release|iPhoneSimulator
		{E0E9D52E-E0A5-49DA-AF86-211CC499796D}.Release|iPhoneSimulator.Deploy.0 = Release|iPhoneSimulator
		{D0FAE3C1-C847-4DDD-B96D-0E807FDF2C99}.Ad-Hoc|Any CPU.ActiveCfg = Debug|Any CPU
		{D0FAE3C1-C847-4DDD-B96D-0E807FDF2C99}.Ad-Hoc|Any CPU.Build.0 = Debug|Any CPU
		{D0FAE3C1-C847-4DDD-B96D-0E807FDF2C99}.Ad-Hoc|iPhone.ActiveCfg = Debug|Any CPU
		{D0FAE3C1-C847-4DDD-B96D-0E807FDF2C99}.Ad-Hoc|iPhone.Build.0 = Debug|Any CPU
		{D0FAE3C1-C847-4DDD-B96D-0E807FDF2C99}.Ad-Hoc|iPhoneSimulator.ActiveCfg = Debug|Any CPU
		{D0FAE3C1-C847-4DDD-B96D-0E807FDF2C99}.Ad-Hoc|iPhoneSimulator.Build.0 = Debug|Any CPU
		{D0FAE3C1-C847-4DDD-B96D-0E807FDF2C99}.AppStore|Any CPU.ActiveCfg = Debug|Any CPU
		{D0FAE3C1-C847-4DDD-B96D-0E807FDF2C99}.AppStore|Any CPU.Build.0 = Debug|Any CPU
		{D0FAE3C1-C847-4DDD-B96D-0E807FDF2C99}.AppStore|iPhone.ActiveCfg = Debug|Any CPU
		{D0FAE3C1-C847-4DDD-B96D-0E807FDF2C99}.AppStore|iPhone.Build.0 = Debug|Any CPU
		{D0FAE3C1-C847-4DDD-B96D-0E807FDF2C99}.AppStore|iPhoneSimulator.ActiveCfg = Debug|Any CPU
		{D0FAE3C1-C847-4DDD-B96D-0E807FDF2C99}.AppStore|iPhoneSimulator.Build.0 = Debug|Any CPU
		{D0FAE3C1-C847-4DDD-B96D-0E807FDF2C99}.Debug|Any CPU.ActiveCfg = Debug|Any CPU
		{D0FAE3C1-C847-4DDD-B96D-0E807FDF2C99}.Debug|Any CPU.Build.0 = Debug|Any CPU
		{D0FAE3C1-C847-4DDD-B96D-0E807FDF2C99}.Debug|iPhone.ActiveCfg = Debug|Any CPU
		{D0FAE3C1-C847-4DDD-B96D-0E807FDF2C99}.Debug|iPhone.Build.0 = Debug|Any CPU
		{D0FAE3C1-C847-4DDD-B96D-0E807FDF2C99}.Debug|iPhoneSimulator.ActiveCfg = Debug|Any CPU
		{D0FAE3C1-C847-4DDD-B96D-0E807FDF2C99}.Debug|iPhoneSimulator.Build.0 = Debug|Any CPU
		{D0FAE3C1-C847-4DDD-B96D-0E807FDF2C99}.Release|Any CPU.ActiveCfg = Release|Any CPU
		{D0FAE3C1-C847-4DDD-B96D-0E807FDF2C99}.Release|Any CPU.Build.0 = Release|Any CPU
		{D0FAE3C1-C847-4DDD-B96D-0E807FDF2C99}.Release|iPhone.ActiveCfg = Release|Any CPU
		{D0FAE3C1-C847-4DDD-B96D-0E807FDF2C99}.Release|iPhone.Build.0 = Release|Any CPU
		{D0FAE3C1-C847-4DDD-B96D-0E807FDF2C99}.Release|iPhoneSimulator.ActiveCfg = Release|Any CPU
		{D0FAE3C1-C847-4DDD-B96D-0E807FDF2C99}.Release|iPhoneSimulator.Build.0 = Release|Any CPU
		{8CF5FF2C-CB53-434B-B383-CB693FC13A9C}.Ad-Hoc|Any CPU.ActiveCfg = Debug|Any CPU
		{8CF5FF2C-CB53-434B-B383-CB693FC13A9C}.Ad-Hoc|Any CPU.Build.0 = Debug|Any CPU
		{8CF5FF2C-CB53-434B-B383-CB693FC13A9C}.Ad-Hoc|iPhone.ActiveCfg = Debug|Any CPU
		{8CF5FF2C-CB53-434B-B383-CB693FC13A9C}.Ad-Hoc|iPhone.Build.0 = Debug|Any CPU
		{8CF5FF2C-CB53-434B-B383-CB693FC13A9C}.Ad-Hoc|iPhoneSimulator.ActiveCfg = Debug|Any CPU
		{8CF5FF2C-CB53-434B-B383-CB693FC13A9C}.Ad-Hoc|iPhoneSimulator.Build.0 = Debug|Any CPU
		{8CF5FF2C-CB53-434B-B383-CB693FC13A9C}.AppStore|Any CPU.ActiveCfg = Debug|Any CPU
		{8CF5FF2C-CB53-434B-B383-CB693FC13A9C}.AppStore|Any CPU.Build.0 = Debug|Any CPU
		{8CF5FF2C-CB53-434B-B383-CB693FC13A9C}.AppStore|iPhone.ActiveCfg = Debug|Any CPU
		{8CF5FF2C-CB53-434B-B383-CB693FC13A9C}.AppStore|iPhone.Build.0 = Debug|Any CPU
		{8CF5FF2C-CB53-434B-B383-CB693FC13A9C}.AppStore|iPhoneSimulator.ActiveCfg = Debug|Any CPU
		{8CF5FF2C-CB53-434B-B383-CB693FC13A9C}.AppStore|iPhoneSimulator.Build.0 = Debug|Any CPU
		{8CF5FF2C-CB53-434B-B383-CB693FC13A9C}.Debug|Any CPU.ActiveCfg = Debug|Any CPU
		{8CF5FF2C-CB53-434B-B383-CB693FC13A9C}.Debug|Any CPU.Build.0 = Debug|Any CPU
		{8CF5FF2C-CB53-434B-B383-CB693FC13A9C}.Debug|iPhone.ActiveCfg = Debug|Any CPU
		{8CF5FF2C-CB53-434B-B383-CB693FC13A9C}.Debug|iPhone.Build.0 = Debug|Any CPU
		{8CF5FF2C-CB53-434B-B383-CB693FC13A9C}.Debug|iPhoneSimulator.ActiveCfg = Debug|Any CPU
		{8CF5FF2C-CB53-434B-B383-CB693FC13A9C}.Debug|iPhoneSimulator.Build.0 = Debug|Any CPU
		{8CF5FF2C-CB53-434B-B383-CB693FC13A9C}.Release|Any CPU.ActiveCfg = Release|Any CPU
		{8CF5FF2C-CB53-434B-B383-CB693FC13A9C}.Release|Any CPU.Build.0 = Release|Any CPU
		{8CF5FF2C-CB53-434B-B383-CB693FC13A9C}.Release|iPhone.ActiveCfg = Release|Any CPU
		{8CF5FF2C-CB53-434B-B383-CB693FC13A9C}.Release|iPhone.Build.0 = Release|Any CPU
		{8CF5FF2C-CB53-434B-B383-CB693FC13A9C}.Release|iPhoneSimulator.ActiveCfg = Release|Any CPU
		{8CF5FF2C-CB53-434B-B383-CB693FC13A9C}.Release|iPhoneSimulator.Build.0 = Release|Any CPU
		{E72414E8-22B0-4903-B3B0-843069DBF5CD}.Ad-Hoc|Any CPU.ActiveCfg = Debug|Any CPU
		{E72414E8-22B0-4903-B3B0-843069DBF5CD}.Ad-Hoc|Any CPU.Build.0 = Debug|Any CPU
		{E72414E8-22B0-4903-B3B0-843069DBF5CD}.Ad-Hoc|iPhone.ActiveCfg = Debug|Any CPU
		{E72414E8-22B0-4903-B3B0-843069DBF5CD}.Ad-Hoc|iPhone.Build.0 = Debug|Any CPU
		{E72414E8-22B0-4903-B3B0-843069DBF5CD}.Ad-Hoc|iPhoneSimulator.ActiveCfg = Debug|Any CPU
		{E72414E8-22B0-4903-B3B0-843069DBF5CD}.Ad-Hoc|iPhoneSimulator.Build.0 = Debug|Any CPU
		{E72414E8-22B0-4903-B3B0-843069DBF5CD}.AppStore|Any CPU.ActiveCfg = Debug|Any CPU
		{E72414E8-22B0-4903-B3B0-843069DBF5CD}.AppStore|Any CPU.Build.0 = Debug|Any CPU
		{E72414E8-22B0-4903-B3B0-843069DBF5CD}.AppStore|iPhone.ActiveCfg = Debug|Any CPU
		{E72414E8-22B0-4903-B3B0-843069DBF5CD}.AppStore|iPhone.Build.0 = Debug|Any CPU
		{E72414E8-22B0-4903-B3B0-843069DBF5CD}.AppStore|iPhoneSimulator.ActiveCfg = Debug|Any CPU
		{E72414E8-22B0-4903-B3B0-843069DBF5CD}.AppStore|iPhoneSimulator.Build.0 = Debug|Any CPU
		{E72414E8-22B0-4903-B3B0-843069DBF5CD}.Debug|Any CPU.ActiveCfg = Debug|Any CPU
		{E72414E8-22B0-4903-B3B0-843069DBF5CD}.Debug|Any CPU.Build.0 = Debug|Any CPU
		{E72414E8-22B0-4903-B3B0-843069DBF5CD}.Debug|iPhone.ActiveCfg = Debug|Any CPU
		{E72414E8-22B0-4903-B3B0-843069DBF5CD}.Debug|iPhone.Build.0 = Debug|Any CPU
		{E72414E8-22B0-4903-B3B0-843069DBF5CD}.Debug|iPhoneSimulator.ActiveCfg = Debug|Any CPU
		{E72414E8-22B0-4903-B3B0-843069DBF5CD}.Debug|iPhoneSimulator.Build.0 = Debug|Any CPU
		{E72414E8-22B0-4903-B3B0-843069DBF5CD}.Release|Any CPU.ActiveCfg = Release|Any CPU
		{E72414E8-22B0-4903-B3B0-843069DBF5CD}.Release|Any CPU.Build.0 = Release|Any CPU
		{E72414E8-22B0-4903-B3B0-843069DBF5CD}.Release|iPhone.ActiveCfg = Release|Any CPU
		{E72414E8-22B0-4903-B3B0-843069DBF5CD}.Release|iPhone.Build.0 = Release|Any CPU
		{E72414E8-22B0-4903-B3B0-843069DBF5CD}.Release|iPhoneSimulator.ActiveCfg = Release|Any CPU
		{E72414E8-22B0-4903-B3B0-843069DBF5CD}.Release|iPhoneSimulator.Build.0 = Release|Any CPU
		{CE610F2C-EB42-4E90-9283-4040FD35111D}.Ad-Hoc|Any CPU.ActiveCfg = Debug|Any CPU
		{CE610F2C-EB42-4E90-9283-4040FD35111D}.Ad-Hoc|Any CPU.Build.0 = Debug|Any CPU
		{CE610F2C-EB42-4E90-9283-4040FD35111D}.Ad-Hoc|iPhone.ActiveCfg = Debug|Any CPU
		{CE610F2C-EB42-4E90-9283-4040FD35111D}.Ad-Hoc|iPhone.Build.0 = Debug|Any CPU
		{CE610F2C-EB42-4E90-9283-4040FD35111D}.Ad-Hoc|iPhoneSimulator.ActiveCfg = Debug|Any CPU
		{CE610F2C-EB42-4E90-9283-4040FD35111D}.Ad-Hoc|iPhoneSimulator.Build.0 = Debug|Any CPU
		{CE610F2C-EB42-4E90-9283-4040FD35111D}.AppStore|Any CPU.ActiveCfg = Debug|Any CPU
		{CE610F2C-EB42-4E90-9283-4040FD35111D}.AppStore|Any CPU.Build.0 = Debug|Any CPU
		{CE610F2C-EB42-4E90-9283-4040FD35111D}.AppStore|iPhone.ActiveCfg = Debug|Any CPU
		{CE610F2C-EB42-4E90-9283-4040FD35111D}.AppStore|iPhone.Build.0 = Debug|Any CPU
		{CE610F2C-EB42-4E90-9283-4040FD35111D}.AppStore|iPhoneSimulator.ActiveCfg = Debug|Any CPU
		{CE610F2C-EB42-4E90-9283-4040FD35111D}.AppStore|iPhoneSimulator.Build.0 = Debug|Any CPU
		{CE610F2C-EB42-4E90-9283-4040FD35111D}.Debug|Any CPU.ActiveCfg = Debug|Any CPU
		{CE610F2C-EB42-4E90-9283-4040FD35111D}.Debug|Any CPU.Build.0 = Debug|Any CPU
		{CE610F2C-EB42-4E90-9283-4040FD35111D}.Debug|iPhone.ActiveCfg = Debug|Any CPU
		{CE610F2C-EB42-4E90-9283-4040FD35111D}.Debug|iPhone.Build.0 = Debug|Any CPU
		{CE610F2C-EB42-4E90-9283-4040FD35111D}.Debug|iPhoneSimulator.ActiveCfg = Debug|Any CPU
		{CE610F2C-EB42-4E90-9283-4040FD35111D}.Debug|iPhoneSimulator.Build.0 = Debug|Any CPU
		{CE610F2C-EB42-4E90-9283-4040FD35111D}.Release|Any CPU.ActiveCfg = Release|Any CPU
		{CE610F2C-EB42-4E90-9283-4040FD35111D}.Release|Any CPU.Build.0 = Release|Any CPU
		{CE610F2C-EB42-4E90-9283-4040FD35111D}.Release|iPhone.ActiveCfg = Release|Any CPU
		{CE610F2C-EB42-4E90-9283-4040FD35111D}.Release|iPhone.Build.0 = Release|Any CPU
		{CE610F2C-EB42-4E90-9283-4040FD35111D}.Release|iPhoneSimulator.ActiveCfg = Release|Any CPU
		{CE610F2C-EB42-4E90-9283-4040FD35111D}.Release|iPhoneSimulator.Build.0 = Release|Any CPU
	EndGlobalSection
	GlobalSection(SolutionProperties) = preSolution
		HideSolutionNode = FALSE
	EndGlobalSection
	GlobalSection(ExtensibilityGlobals) = postSolution
		SolutionGuid = {7572F19F-53FE-43D3-928F-CF99C9DA2DF5}
	EndGlobalSection
EndGlobal
